{
  "name": "pinwheel-web",
  "version": "1.0.0",
  "lockfileVersion": 1,
  "requires": true,
  "dependencies": {
    "express-es6-template-engine": {
      "version": "2.0.4",
      "resolved": "https://registry.npmjs.org/express-es6-template-engine/-/express-es6-template-engine-2.0.4.tgz",
      "integrity": "sha512-rfgFKhoYWimLncrzRWUaHOH/ceGZ235T9Usi6uGJyW0VinXV0rPsj18c65h52R/b/ASs4hZSMjhjT+mP2quzAQ=="
    }
  }
}
