{
  "name": "pinwheel-streams",
  "requires": true,
  "lockfileVersion": 1,
  "dependencies": {
    "async-limiter": {
      "version": "1.0.1",
      "resolved": "https://registry.npmjs.org/async-limiter/-/async-limiter-1.0.1.tgz",
      "integrity": "sha512-csOlWGAcRFJaI6m+F2WKdnMKr4HhdhFVBk0H/QbJFMCr+uO2kwohwXQPxw/9OCxp05r5ghVBFSyioixx3gfkNQ=="
    },
    "ranvier-telnet": {
      "version": "1.0.3",
      "resolved": "https://registry.npmjs.org/ranvier-telnet/-/ranvier-telnet-1.0.3.tgz",
      "integrity": "sha512-gFQmN+yHFzLqe/zQNWbdSwmBYCvFq3auaeIu2KnHqOz4Q+TAcbMUrG6rEQIvwHU2cyx+uJPMTwa6wgxlCvVOrQ=="
    },
    "ws": {
      "version": "5.2.4",
      "resolved": "https://registry.npmjs.org/ws/-/ws-5.2.4.tgz",
      "integrity": "sha512-fFCejsuC8f9kOSu9FYaOw8CdO68O3h5v0lg4p74o8JqWpwTf9tniOD+nOB78aWoVSS6WptVUmDrp/KPsMVBWFQ==",
      "requires": {
        "async-limiter": "~1.0.0"
      }
    }
  }
}
